
Microsoft Visual Studio Solution File, Format Version 12.00
# Visual Studio Version 17
VisualStudioVersion = 17.0.32126.317
MinimumVisualStudioVersion = 10.0.40219.1
Project("{9A19103F-16F7-4668-BE54-9A1E7A4F7556}") = "BarbellTracker.AbstractionCode", "src\BarbellTracker.AbstractionCode\BarbellTracker.AbstractionCode.csproj", "{FE4180FC-17EB-4F48-B28A-3DC528C070C1}"
EndProject
Project("{9A19103F-16F7-4668-BE54-9A1E7A4F7556}") = "BarbellTracker.ApplicationCode", "src\BarbellTracker.ApplicationCode\BarbellTracker.ApplicationCode.csproj", "{49613F77-B9F3-48CA-A6FC-071C33FB20B8}"
EndProject
Project("{9A19103F-16F7-4668-BE54-9A1E7A4F7556}") = "BarbellTracker.Adapter", "src\BarbellTracker.Adapter\BarbellTracker.Adapter.csproj", "{0FCE4FA4-C1D9-45A0-93CB-CA3FB2E80A6E}"
EndProject
Project("{9A19103F-16F7-4668-BE54-9A1E7A4F7556}") = "BarbellTracker.DomainCode", "src\BarbellTracker.DomainCode\BarbellTracker.DomainCode.csproj", "{422F0011-E4F4-4FB8-BA4E-72EAF4FCC828}"
EndProject
Project("{9A19103F-16F7-4668-BE54-9A1E7A4F7556}") = "BarbellTracker.WPF_HelperClasses", "src\BarbellTracker.WPF_HelperClasses\BarbellTracker.WPF_HelperClasses.csproj", "{F7091A27-0C66-4D7F-AEB6-577CBC494EED}"
EndProject
Project("{9A19103F-16F7-4668-BE54-9A1E7A4F7556}") = "BarbellTracker.WPF_DesktopClient", "src\BarbellTracker.WPF_DesktopClient\BarbellTracker.WPF_DesktopClient.csproj", "{024CB2D8-2F02-4D02-AF4E-4AFD0D706D29}"
EndProject
Project("{9A19103F-16F7-4668-BE54-9A1E7A4F7556}") = "BarbellTracker.Services", "src\BarbellTracker.Services\BarbellTracker.Services.csproj", "{952F83CC-C816-41CA-B598-7C5D65EB201A}"
EndProject
Project("{9A19103F-16F7-4668-BE54-9A1E7A4F7556}") = "BarbellTracker.Plugins", "src\BarbellTracker.Plugins\BarbellTracker.Plugins.csproj", "{5499C4A9-6E78-482C-BDEF-3AB6AE563F81}"
EndProject
Project("{9A19103F-16F7-4668-BE54-9A1E7A4F7556}") = "BarbellTracker.ApplicationCodeTestes", "test\BarbellTraker.ApplicationCode_Tester\BarbellTracker.ApplicationCodeTestes.csproj", "{416C6AE8-FAE5-41B3-A826-A6DA040844E2}"
EndProject
Project("{9A19103F-16F7-4668-BE54-9A1E7A4F7556}") = "BarbellTracker.ServicesTests", "test\BarbellTracker.ServicesTests\BarbellTracker.ServicesTests.csproj", "{5B04B4B7-1AC8-47A9-94BA-8FB4AD9B5B09}"
EndProject
Project("{9A19103F-16F7-4668-BE54-9A1E7A4F7556}") = "BarbellTracker.AbstractionCodeTests", "test\BarbellTracker.AbstractionCodeTests\BarbellTracker.AbstractionCodeTests.csproj", "{935A2881-798A-464C-856B-E9F265272BEE}"
EndProject
Project("{9A19103F-16F7-4668-BE54-9A1E7A4F7556}") = "BarbellTracker.ConsoleClient", "src\BarbellTracker.ConsoleClient\BarbellTracker.ConsoleClient.csproj", "{8CE772C2-7C9D-49BF-AAF0-F2F13656177E}"
EndProject
Project("{9A19103F-16F7-4668-BE54-9A1E7A4F7556}") = "BarbellTracker.AdapterTests", "BarbellTracker.AdapterTests\BarbellTracker.AdapterTests.csproj", "{0E65214F-4AD6-4C0F-BD04-02AB2D721563}"
EndProject
Project("{FAE04EC0-301F-11D3-BF4B-00C04F79EFBC}") = "BarbellTracker.DomainCodeTests", "BarbellTracker.DomainCodeTests\BarbellTracker.DomainCodeTests.csproj", "{93715F63-7FC9-4867-AF00-3D7E71CB4694}"
EndProject
Global
	GlobalSection(SolutionConfigurationPlatforms) = preSolution
		Debug|Any CPU = Debug|Any CPU
		Release|Any CPU = Release|Any CPU
	EndGlobalSection
	GlobalSection(ProjectConfigurationPlatforms) = postSolution
		{FE4180FC-17EB-4F48-B28A-3DC528C070C1}.Debug|Any CPU.ActiveCfg = Debug|Any CPU
		{FE4180FC-17EB-4F48-B28A-3DC528C070C1}.Debug|Any CPU.Build.0 = Debug|Any CPU
		{FE4180FC-17EB-4F48-B28A-3DC528C070C1}.Release|Any CPU.ActiveCfg = Release|Any CPU
		{FE4180FC-17EB-4F48-B28A-3DC528C070C1}.Release|Any CPU.Build.0 = Release|Any CPU
		{49613F77-B9F3-48CA-A6FC-071C33FB20B8}.Debug|Any CPU.ActiveCfg = Debug|Any CPU
		{49613F77-B9F3-48CA-A6FC-071C33FB20B8}.Debug|Any CPU.Build.0 = Debug|Any CPU
		{49613F77-B9F3-48CA-A6FC-071C33FB20B8}.Release|Any CPU.ActiveCfg = Release|Any CPU
		{49613F77-B9F3-48CA-A6FC-071C33FB20B8}.Release|Any CPU.Build.0 = Release|Any CPU
		{0FCE4FA4-C1D9-45A0-93CB-CA3FB2E80A6E}.Debug|Any CPU.ActiveCfg = Debug|Any CPU
		{0FCE4FA4-C1D9-45A0-93CB-CA3FB2E80A6E}.Debug|Any CPU.Build.0 = Debug|Any CPU
		{0FCE4FA4-C1D9-45A0-93CB-CA3FB2E80A6E}.Release|Any CPU.ActiveCfg = Release|Any CPU
		{0FCE4FA4-C1D9-45A0-93CB-CA3FB2E80A6E}.Release|Any CPU.Build.0 = Release|Any CPU
		{422F0011-E4F4-4FB8-BA4E-72EAF4FCC828}.Debug|Any CPU.ActiveCfg = Debug|Any CPU
		{422F0011-E4F4-4FB8-BA4E-72EAF4FCC828}.Debug|Any CPU.Build.0 = Debug|Any CPU
		{422F0011-E4F4-4FB8-BA4E-72EAF4FCC828}.Release|Any CPU.ActiveCfg = Release|Any CPU
		{422F0011-E4F4-4FB8-BA4E-72EAF4FCC828}.Release|Any CPU.Build.0 = Release|Any CPU
		{F7091A27-0C66-4D7F-AEB6-577CBC494EED}.Debug|Any CPU.ActiveCfg = Debug|Any CPU
		{F7091A27-0C66-4D7F-AEB6-577CBC494EED}.Debug|Any CPU.Build.0 = Debug|Any CPU
		{F7091A27-0C66-4D7F-AEB6-577CBC494EED}.Release|Any CPU.ActiveCfg = Release|Any CPU
		{F7091A27-0C66-4D7F-AEB6-577CBC494EED}.Release|Any CPU.Build.0 = Release|Any CPU
		{024CB2D8-2F02-4D02-AF4E-4AFD0D706D29}.Debug|Any CPU.ActiveCfg = Debug|Any CPU
		{024CB2D8-2F02-4D02-AF4E-4AFD0D706D29}.Debug|Any CPU.Build.0 = Debug|Any CPU
		{024CB2D8-2F02-4D02-AF4E-4AFD0D706D29}.Release|Any CPU.ActiveCfg = Release|Any CPU
		{024CB2D8-2F02-4D02-AF4E-4AFD0D706D29}.Release|Any CPU.Build.0 = Release|Any CPU
		{952F83CC-C816-41CA-B598-7C5D65EB201A}.Debug|Any CPU.ActiveCfg = Debug|Any CPU
		{952F83CC-C816-41CA-B598-7C5D65EB201A}.Debug|Any CPU.Build.0 = Debug|Any CPU
		{952F83CC-C816-41CA-B598-7C5D65EB201A}.Release|Any CPU.ActiveCfg = Release|Any CPU
		{952F83CC-C816-41CA-B598-7C5D65EB201A}.Release|Any CPU.Build.0 = Release|Any CPU
		{5499C4A9-6E78-482C-BDEF-3AB6AE563F81}.Debug|Any CPU.ActiveCfg = Debug|Any CPU
		{5499C4A9-6E78-482C-BDEF-3AB6AE563F81}.Debug|Any CPU.Build.0 = Debug|Any CPU
		{5499C4A9-6E78-482C-BDEF-3AB6AE563F81}.Release|Any CPU.ActiveCfg = Release|Any CPU
		{5499C4A9-6E78-482C-BDEF-3AB6AE563F81}.Release|Any CPU.Build.0 = Release|Any CPU
		{416C6AE8-FAE5-41B3-A826-A6DA040844E2}.Debug|Any CPU.ActiveCfg = Debug|Any CPU
		{416C6AE8-FAE5-41B3-A826-A6DA040844E2}.Debug|Any CPU.Build.0 = Debug|Any CPU
		{416C6AE8-FAE5-41B3-A826-A6DA040844E2}.Release|Any CPU.ActiveCfg = Release|Any CPU
		{416C6AE8-FAE5-41B3-A826-A6DA040844E2}.Release|Any CPU.Build.0 = Release|Any CPU
		{5B04B4B7-1AC8-47A9-94BA-8FB4AD9B5B09}.Debug|Any CPU.ActiveCfg = Debug|Any CPU
		{5B04B4B7-1AC8-47A9-94BA-8FB4AD9B5B09}.Debug|Any CPU.Build.0 = Debug|Any CPU
		{5B04B4B7-1AC8-47A9-94BA-8FB4AD9B5B09}.Release|Any CPU.ActiveCfg = Release|Any CPU
		{5B04B4B7-1AC8-47A9-94BA-8FB4AD9B5B09}.Release|Any CPU.Build.0 = Release|Any CPU
		{935A2881-798A-464C-856B-E9F265272BEE}.Debug|Any CPU.ActiveCfg = Debug|Any CPU
		{935A2881-798A-464C-856B-E9F265272BEE}.Debug|Any CPU.Build.0 = Debug|Any CPU
		{935A2881-798A-464C-856B-E9F265272BEE}.Release|Any CPU.ActiveCfg = Release|Any CPU
		{935A2881-798A-464C-856B-E9F265272BEE}.Release|Any CPU.Build.0 = Release|Any CPU
		{8CE772C2-7C9D-49BF-AAF0-F2F13656177E}.Debug|Any CPU.ActiveCfg = Debug|Any CPU
		{8CE772C2-7C9D-49BF-AAF0-F2F13656177E}.Debug|Any CPU.Build.0 = Debug|Any CPU
		{8CE772C2-7C9D-49BF-AAF0-F2F13656177E}.Release|Any CPU.ActiveCfg = Release|Any CPU
		{8CE772C2-7C9D-49BF-AAF0-F2F13656177E}.Release|Any CPU.Build.0 = Release|Any CPU
		{0E65214F-4AD6-4C0F-BD04-02AB2D721563}.Debug|Any CPU.ActiveCfg = Debug|Any CPU
		{0E65214F-4AD6-4C0F-BD04-02AB2D721563}.Debug|Any CPU.Build.0 = Debug|Any CPU
		{0E65214F-4AD6-4C0F-BD04-02AB2D721563}.Release|Any CPU.ActiveCfg = Release|Any CPU
		{0E65214F-4AD6-4C0F-BD04-02AB2D721563}.Release|Any CPU.Build.0 = Release|Any CPU
		{93715F63-7FC9-4867-AF00-3D7E71CB4694}.Debug|Any CPU.ActiveCfg = Debug|Any CPU
		{93715F63-7FC9-4867-AF00-3D7E71CB4694}.Debug|Any CPU.Build.0 = Debug|Any CPU
		{93715F63-7FC9-4867-AF00-3D7E71CB4694}.Release|Any CPU.ActiveCfg = Release|Any CPU
		{93715F63-7FC9-4867-AF00-3D7E71CB4694}.Release|Any CPU.Build.0 = Release|Any CPU
	EndGlobalSection
	GlobalSection(SolutionProperties) = preSolution
		HideSolutionNode = FALSE
	EndGlobalSection
	GlobalSection(ExtensibilityGlobals) = postSolution
		SolutionGuid = {C72B90BB-8AA4-4CD9-8B14-745524108ACE}
	EndGlobalSection
EndGlobal
